
Microsoft Visual Studio Solution File, Format Version 12.00
# Visual Studio 14
VisualStudioVersion = 14.0.25420.1
MinimumVisualStudioVersion = 10.0.40219.1
Project("{FAE04EC0-301F-11D3-BF4B-00C04F79EFBC}") = "WpfTest", "WpfTest\WpfTest.csproj", "{F56A58D6-4069-40D6-A9D8-631997E69F09}"
EndProject
Project("{FAE04EC0-301F-11D3-BF4B-00C04F79EFBC}") = "UnitTestProject", "UnitTestProject\UnitTestProject.csproj", "{3A13FA89-7845-449D-BF85-C5A9595CC452}"
EndProject
Project("{FAE04EC0-301F-11D3-BF4B-00C04F79EFBC}") = "WpfTestDll", "WpfTestDll\WpfTestDll.csproj", "{883E6E4C-F4DC-4475-B79E-F8A202C97217}"
EndProject
Global
	GlobalSection(SolutionConfigurationPlatforms) = preSolution
		Debug|Any CPU = Debug|Any CPU
		Release|Any CPU = Release|Any CPU
	EndGlobalSection
	GlobalSection(ProjectConfigurationPlatforms) = postSolution
		{F56A58D6-4069-40D6-A9D8-631997E69F09}.Debug|Any CPU.ActiveCfg = Debug|Any CPU
		{F56A58D6-4069-40D6-A9D8-631997E69F09}.Debug|Any CPU.Build.0 = Debug|Any CPU
		{F56A58D6-4069-40D6-A9D8-631997E69F09}.Release|Any CPU.ActiveCfg = Release|Any CPU
		{F56A58D6-4069-40D6-A9D8-631997E69F09}.Release|Any CPU.Build.0 = Release|Any CPU
		{3A13FA89-7845-449D-BF85-C5A9595CC452}.Debug|Any CPU.ActiveCfg = Debug|Any CPU
		{3A13FA89-7845-449D-BF85-C5A9595CC452}.Debug|Any CPU.Build.0 = Debug|Any CPU
		{3A13FA89-7845-449D-BF85-C5A9595CC452}.Release|Any CPU.ActiveCfg = Release|Any CPU
		{3A13FA89-7845-449D-BF85-C5A9595CC452}.Release|Any CPU.Build.0 = Release|Any CPU
		{883E6E4C-F4DC-4475-B79E-F8A202C97217}.Debug|Any CPU.ActiveCfg = Debug|Any CPU
		{883E6E4C-F4DC-4475-B79E-F8A202C97217}.Debug|Any CPU.Build.0 = Debug|Any CPU
		{883E6E4C-F4DC-4475-B79E-F8A202C97217}.Release|Any CPU.ActiveCfg = Release|Any CPU
		{883E6E4C-F4DC-4475-B79E-F8A202C97217}.Release|Any CPU.Build.0 = Release|Any CPU
	EndGlobalSection
	GlobalSection(SolutionProperties) = preSolution
		HideSolutionNode = FALSE
	EndGlobalSection
EndGlobal
